<?xml version="1.0" encoding="utf-8"?>
<Project ToolsVersion="4.0" xmlns="http://schemas.microsoft.com/developer/msbuild/2003">
  <ItemGroup>
    <ClCompile Include="src\logger.cpp">
      <Filter>Source files</Filter>
    </ClCompile>
    <ClCompile Include="src\smbfs.cpp">
      <Filter>Source files</Filter>
    </ClCompile>
    <ClCompile Include="src\tdi.cpp">
      <Filter>Source files</Filter>
    </ClCompile>
    <ClCompile Include="src\conn.cpp">
      <Filter>Source files</Filter>
    </ClCompile>
    <ClCompile Include="src\session.cpp">
      <Filter>Source files</Filter>
    </ClCompile>
    <ClCompile Include="src\tree.cpp">
      <Filter>Source files</Filter>
    </ClCompile>
    <ClCompile Include="src\file.cpp">
      <Filter>Source files</Filter>
    </ClCompile>
  </ItemGroup>
  <ItemGroup>
    <Filter Include="Source files">
      <UniqueIdentifier>{8f9a5379-1efd-4b90-9242-02425ae1e0a7}</UniqueIdentifier>
    </Filter>
    <Filter Include="Header files">
      <UniqueIdentifier>{52de5761-6a3c-4fc8-b315-da6401469e1b}</UniqueIdentifier>
    </Filter>
  </ItemGroup>
  <ItemGroup>
    <ClInclude Include="src\smbfs.h">
      <Filter>Header files</Filter>
    </ClInclude>
    <ClInclude Include="src\smb.h">
      <Filter>Header files</Filter>
    </ClInclude>
  </ItemGroup>
</Project>